// !$*UTF8*$!
{
	archiveVersion = 1;
	classes = {
	};
	objectVersion = 70;
	objects = {

/* Begin PBXBuildFile section */
		6A0188742C988CF2006F0A85 /* UIImageView_Extensions.swift in Sources */ = {isa = PBXBuildFile; fileRef = 6A0188682C988CF2006F0A85 /* UIImageView_Extensions.swift */; };
		6A0188752C988CF2006F0A85 /* UINavigationBar_Extensions.swift in Sources */ = {isa = PBXBuildFile; fileRef = 6A0188692C988CF2006F0A85 /* UINavigationBar_Extensions.swift */; };
		6A0188762C988CF2006F0A85 /* ImageLoader.swift in Sources */ = {isa = PBXBuildFile; fileRef = 6A01886A2C988CF2006F0A85 /* ImageLoader.swift */; };
		6A0188772C988CF2006F0A85 /* ImageViewerController.swift in Sources */ = {isa = PBXBuildFile; fileRef = 6A01886C2C988CF2006F0A85 /* ImageViewerController.swift */; };
		6A0188782C988CF2006F0A85 /* UIView_Extensions.swift in Sources */ = {isa = PBXBuildFile; fileRef = 6A01886D2C988CF2006F0A85 /* UIView_Extensions.swift */; };
		6A01887A2C988CF2006F0A85 /* ImageViewerTheme.swift in Sources */ = {isa = PBXBuildFile; fileRef = 6A01886F2C988CF2006F0A85 /* ImageViewerTheme.swift */; };
		6A01887B2C988CF2006F0A85 /* ImageCarouselViewController.swift in Sources */ = {isa = PBXBuildFile; fileRef = 6A0188702C988CF2006F0A85 /* ImageCarouselViewController.swift */; };
		6A01887D2C988CF2006F0A85 /* ImageViewerTransitionPresentationManager.swift in Sources */ = {isa = PBXBuildFile; fileRef = 6A0188722C988CF2006F0A85 /* ImageViewerTransitionPresentationManager.swift */; };
		6A0470842CFB4CB4004EAA92 /* WidgetSettingManager.swift in Sources */ = {isa = PBXBuildFile; fileRef = 6A0470832CFB4CAA004EAA92 /* WidgetSettingManager.swift */; };
		6A0470862CFB4CEB004EAA92 /* Utils.swift in Sources */ = {isa = PBXBuildFile; fileRef = 6A73A1012C5143B2007B6CAE /* Utils.swift */; };
		6A0470872CFB4CF5004EAA92 /* FolderModel.swift in Sources */ = {isa = PBXBuildFile; fileRef = 6A7D4F6D2C7B4C9A00ED0C59 /* FolderModel.swift */; };
		6A0470882CFB4CFA004EAA92 /* Localization.swift in Sources */ = {isa = PBXBuildFile; fileRef = 6A7A50172CE63FF5006DAA22 /* Localization.swift */; };
		6A0470892CFB4D37004EAA92 /* Assets.xcassets in Resources */ = {isa = PBXBuildFile; fileRef = 6A8B32022AE7983F00D24E49 /* Assets.xcassets */; };
		6A04708A2CFB4D4B004EAA92 /* SystemUIImage.swift in Sources */ = {isa = PBXBuildFile; fileRef = 6A73A1072C6A3DF5007B6CAE /* SystemUIImage.swift */; };
		6A04708C2CFB4D89004EAA92 /* VC+Navi+Ext.swift in Sources */ = {isa = PBXBuildFile; fileRef = 6A04708B2CFB4D7D004EAA92 /* VC+Navi+Ext.swift */; };
		6A0470AA2CFB540E004EAA92 /* WidgetSettingView.swift in Sources */ = {isa = PBXBuildFile; fileRef = 6A0470A92CFB540E004EAA92 /* WidgetSettingView.swift */; };
		6A0470AC2CFB54A5004EAA92 /* WidgetSettingVM.swift in Sources */ = {isa = PBXBuildFile; fileRef = 6A0470AB2CFB549D004EAA92 /* WidgetSettingVM.swift */; };
		6A0486432C49519000C3989F /* PhotoListVC.swift in Sources */ = {isa = PBXBuildFile; fileRef = 6A0486412C49519000C3989F /* PhotoListVC.swift */; };
		6A0486442C49519000C3989F /* PhotoListVC.xib in Resources */ = {isa = PBXBuildFile; fileRef = 6A0486422C49519000C3989F /* PhotoListVC.xib */; };
		6A04864A2C49617500C3989F /* PhotoListVM.swift in Sources */ = {isa = PBXBuildFile; fileRef = 6A0486492C49617500C3989F /* PhotoListVM.swift */; };
		6A051FD62DFD2F8500C3DE23 /* OrientationType.swift in Sources */ = {isa = PBXBuildFile; fileRef = 6A051FD52DFD2F8000C3DE23 /* OrientationType.swift */; };
		6A051FD82DFD388400C3DE23 /* VideoEditor.swift in Sources */ = {isa = PBXBuildFile; fileRef = 6A051FD72DFD385200C3DE23 /* VideoEditor.swift */; };
		6A051FE82DFDA7DE00C3DE23 /* CaptureModeType.swift in Sources */ = {isa = PBXBuildFile; fileRef = 6A051FE72DFDA7D800C3DE23 /* CaptureModeType.swift */; };
		6A051FEA2E0051F900C3DE23 /* CamVCSmall.xib in Resources */ = {isa = PBXBuildFile; fileRef = 6A051FE92E0051F900C3DE23 /* CamVCSmall.xib */; };
		6A0CAA932CA1AF88006BC4D3 /* MoveToFolderVC.swift in Sources */ = {isa = PBXBuildFile; fileRef = 6A0CAA912CA1AF88006BC4D3 /* MoveToFolderVC.swift */; };
		6A0CAA942CA1AF88006BC4D3 /* MoveToFolderVC.xib in Resources */ = {isa = PBXBuildFile; fileRef = 6A0CAA922CA1AF88006BC4D3 /* MoveToFolderVC.xib */; };
		6A0CAA962CA1AFFE006BC4D3 /* MoveToFolderVM.swift in Sources */ = {isa = PBXBuildFile; fileRef = 6A0CAA952CA1AFF8006BC4D3 /* MoveToFolderVM.swift */; };
		6A0CAA992CA1B196006BC4D3 /* MoveToFolderListItemCell.swift in Sources */ = {isa = PBXBuildFile; fileRef = 6A0CAA972CA1B196006BC4D3 /* MoveToFolderListItemCell.swift */; };
		6A0CAA9A2CA1B196006BC4D3 /* MoveToFolderListItemCell.xib in Resources */ = {isa = PBXBuildFile; fileRef = 6A0CAA982CA1B196006BC4D3 /* MoveToFolderListItemCell.xib */; };
		6A0E37F32DDFCC3C0084B74D /* GoogleService-Info.plist in Resources */ = {isa = PBXBuildFile; fileRef = 6A0E37F22DDFCC3C0084B74D /* GoogleService-Info.plist */; };
		6A0E37F52DE0A1830084B74D /* VideoViewerController.swift in Sources */ = {isa = PBXBuildFile; fileRef = 6A0E37F42DE0A1830084B74D /* VideoViewerController.swift */; };
		6A0E37F72DE0A3230084B74D /* MediaViewerVCProtocol.swift in Sources */ = {isa = PBXBuildFile; fileRef = 6A0E37F62DE0A3110084B74D /* MediaViewerVCProtocol.swift */; };
		6A1083012D009B8900C24FF6 /* WidgetSetting.swift in Sources */ = {isa = PBXBuildFile; fileRef = 6A1083002D009B7B00C24FF6 /* WidgetSetting.swift */; };
		6A1083022D009BE100C24FF6 /* WidgetSetting.swift in Sources */ = {isa = PBXBuildFile; fileRef = 6A1083002D009B7B00C24FF6 /* WidgetSetting.swift */; };
		6A1083042D01F17000C24FF6 /* NotificationName.swift in Sources */ = {isa = PBXBuildFile; fileRef = 6A1083032D01F16700C24FF6 /* NotificationName.swift */; };
		6A133E4D2B0503690018A769 /* AppLifeCycle.swift in Sources */ = {isa = PBXBuildFile; fileRef = 6A133E4C2B0503690018A769 /* AppLifeCycle.swift */; };
		6A133E512B0655320018A769 /* CamVM.swift in Sources */ = {isa = PBXBuildFile; fileRef = 6A133E502B0655320018A769 /* CamVM.swift */; };
		6A2529D72B162BAA00721202 /* PhotoListItemCell.swift in Sources */ = {isa = PBXBuildFile; fileRef = 6A2529D52B162BAA00721202 /* PhotoListItemCell.swift */; };
		6A2529D82B162BAA00721202 /* PhotoListItemCell.xib in Resources */ = {isa = PBXBuildFile; fileRef = 6A2529D62B162BAA00721202 /* PhotoListItemCell.xib */; };
		6A2C369D2BA8711600AAF24B /* FolderMonitor.swift in Sources */ = {isa = PBXBuildFile; fileRef = 6A2C369C2BA8711600AAF24B /* FolderMonitor.swift */; };
		6A3527362C7EB68C00FA6A91 /* FileService.swift in Sources */ = {isa = PBXBuildFile; fileRef = 6A3527352C7EB68C00FA6A91 /* FileService.swift */; };
		6A37964E2BB5A34700BAFC19 /* EmailHelper.swift in Sources */ = {isa = PBXBuildFile; fileRef = 6A37964D2BB5A34700BAFC19 /* EmailHelper.swift */; };
		6A3796522BB5A42600BAFC19 /* CameraSetting.swift in Sources */ = {isa = PBXBuildFile; fileRef = 6A3796512BB5A42600BAFC19 /* CameraSetting.swift */; };
		6A3796542BB5A44000BAFC19 /* PhotoFileFormat.swift in Sources */ = {isa = PBXBuildFile; fileRef = 6A3796532BB5A44000BAFC19 /* PhotoFileFormat.swift */; };
		6A3796562BB5A47900BAFC19 /* SettingsView.swift in Sources */ = {isa = PBXBuildFile; fileRef = 6A3796552BB5A47900BAFC19 /* SettingsView.swift */; };
		6A3796582BB5A4CD00BAFC19 /* AppStatus.swift in Sources */ = {isa = PBXBuildFile; fileRef = 6A3796572BB5A4CD00BAFC19 /* AppStatus.swift */; };
		6A6C4C572C8A049B007F794F /* FolderListVM.swift in Sources */ = {isa = PBXBuildFile; fileRef = 6A6C4C562C8A049B007F794F /* FolderListVM.swift */; };
		6A73A1022C5143B2007B6CAE /* Utils.swift in Sources */ = {isa = PBXBuildFile; fileRef = 6A73A1012C5143B2007B6CAE /* Utils.swift */; };
		6A73A1052C610A2D007B6CAE /* FolderListItemCell.swift in Sources */ = {isa = PBXBuildFile; fileRef = 6A73A1032C610A2D007B6CAE /* FolderListItemCell.swift */; };
		6A73A1062C610A2D007B6CAE /* FolderListItemCell.xib in Resources */ = {isa = PBXBuildFile; fileRef = 6A73A1042C610A2D007B6CAE /* FolderListItemCell.xib */; };
		6A73A1082C6A3DF5007B6CAE /* SystemUIImage.swift in Sources */ = {isa = PBXBuildFile; fileRef = 6A73A1072C6A3DF5007B6CAE /* SystemUIImage.swift */; };
		6A755F782CBE3286008B5F95 /* CamVC.xib in Resources */ = {isa = PBXBuildFile; fileRef = 6A755F772CBE3286008B5F95 /* CamVC.xib */; };
		6A7A50152CE63E4F006DAA22 /* Localizable.strings in Resources */ = {isa = PBXBuildFile; fileRef = 6A7A50132CE63E4F006DAA22 /* Localizable.strings */; };
		6A7A50182CE63FFD006DAA22 /* Localization.swift in Sources */ = {isa = PBXBuildFile; fileRef = 6A7A50172CE63FF5006DAA22 /* Localization.swift */; };
		6A7D4F652C76237C00ED0C59 /* FolderService.swift in Sources */ = {isa = PBXBuildFile; fileRef = 6A7D4F642C76237C00ED0C59 /* FolderService.swift */; };
		6A7D4F682C775DED00ED0C59 /* FolderListVC.swift in Sources */ = {isa = PBXBuildFile; fileRef = 6A7D4F662C775DED00ED0C59 /* FolderListVC.swift */; };
		6A7D4F692C775DED00ED0C59 /* FolderListVC.xib in Resources */ = {isa = PBXBuildFile; fileRef = 6A7D4F672C775DED00ED0C59 /* FolderListVC.xib */; };
		6A7D4F6E2C7B4C9A00ED0C59 /* FolderModel.swift in Sources */ = {isa = PBXBuildFile; fileRef = 6A7D4F6D2C7B4C9A00ED0C59 /* FolderModel.swift */; };
		6A8B31FA2AE7983E00D24E49 /* AppDelegate.swift in Sources */ = {isa = PBXBuildFile; fileRef = 6A8B31F92AE7983E00D24E49 /* AppDelegate.swift */; };
		6A8B31FC2AE7983E00D24E49 /* SceneDelegate.swift in Sources */ = {isa = PBXBuildFile; fileRef = 6A8B31FB2AE7983E00D24E49 /* SceneDelegate.swift */; };
		6A8B31FE2AE7983E00D24E49 /* ViewController.swift in Sources */ = {isa = PBXBuildFile; fileRef = 6A8B31FD2AE7983E00D24E49 /* ViewController.swift */; };
		6A8B32012AE7983E00D24E49 /* Main.storyboard in Resources */ = {isa = PBXBuildFile; fileRef = 6A8B31FF2AE7983E00D24E49 /* Main.storyboard */; };
		6A8B32032AE7983F00D24E49 /* Assets.xcassets in Resources */ = {isa = PBXBuildFile; fileRef = 6A8B32022AE7983F00D24E49 /* Assets.xcassets */; };
		6A8B32062AE7983F00D24E49 /* LaunchScreen.storyboard in Resources */ = {isa = PBXBuildFile; fileRef = 6A8B32042AE7983F00D24E49 /* LaunchScreen.storyboard */; };
		6A8B32152AE7A03000D24E49 /* CamVC.swift in Sources */ = {isa = PBXBuildFile; fileRef = 6A8B32142AE7A03000D24E49 /* CamVC.swift */; };
		6A8C3AF82CF04F1900127D4F /* PrivacyInfo.xcprivacy in Resources */ = {isa = PBXBuildFile; fileRef = 6A8C3AF72CF04F1900127D4F /* PrivacyInfo.xcprivacy */; };
		6A9119932DE0CFD600C7E6EF /* CustomVideoPlayerVC.swift in Sources */ = {isa = PBXBuildFile; fileRef = 6A9119922DE0CFC300C7E6EF /* CustomVideoPlayerVC.swift */; };
		6A961E602B011FA100A05F9B /* CALayer+Ext.swift in Sources */ = {isa = PBXBuildFile; fileRef = 6A961E5F2B011FA100A05F9B /* CALayer+Ext.swift */; };
		6A971F6C2CEB915200B7851C /* InfoPlist.strings in Resources */ = {isa = PBXBuildFile; fileRef = 6A971F6A2CEB915200B7851C /* InfoPlist.strings */; };
		6AA609632CBE5E880011BB59 /* SelectSaveFolderVC.xib in Resources */ = {isa = PBXBuildFile; fileRef = 6AA609622CBE5E880011BB59 /* SelectSaveFolderVC.xib */; };
		6AA609642CBE5E880011BB59 /* SelectSaveFolderVC.swift in Sources */ = {isa = PBXBuildFile; fileRef = 6AA609612CBE5E880011BB59 /* SelectSaveFolderVC.swift */; };
		6AA609672CBE60110011BB59 /* SelectSaveFolderVM.swift in Sources */ = {isa = PBXBuildFile; fileRef = 6AA609662CBE600B0011BB59 /* SelectSaveFolderVM.swift */; };
		6AA6096A2CBEAE060011BB59 /* SelectSaveFolderItemCell.xib in Resources */ = {isa = PBXBuildFile; fileRef = 6AA609692CBEAE060011BB59 /* SelectSaveFolderItemCell.xib */; };
		6AA6096B2CBEAE060011BB59 /* SelectSaveFolderItemCell.swift in Sources */ = {isa = PBXBuildFile; fileRef = 6AA609682CBEAE060011BB59 /* SelectSaveFolderItemCell.swift */; };
		6AA61AC82AE81555002E3725 /* AuthorizationManager.swift in Sources */ = {isa = PBXBuildFile; fileRef = 6AA61AC72AE81555002E3725 /* AuthorizationManager.swift */; };
		6AA61ACC2AF14A5C002E3725 /* CameraModel.swift in Sources */ = {isa = PBXBuildFile; fileRef = 6AA61ACB2AF14A5C002E3725 /* CameraModel.swift */; };
		6AA61AD02AFA8337002E3725 /* TopMenuBarView.xib in Resources */ = {isa = PBXBuildFile; fileRef = 6AA61ACF2AFA8337002E3725 /* TopMenuBarView.xib */; };
		6AA61AD22AFA850E002E3725 /* FlashMode+Ext.swift in Sources */ = {isa = PBXBuildFile; fileRef = 6AA61AD12AFA850E002E3725 /* FlashMode+Ext.swift */; };
		6AA61AD42AFD22E3002E3725 /* TopMenuBarView.swift in Sources */ = {isa = PBXBuildFile; fileRef = 6AA61AD32AFD22E3002E3725 /* TopMenuBarView.swift */; };
		6AA61AD82AFE71E1002E3725 /* CaseIterable+Ext.swift in Sources */ = {isa = PBXBuildFile; fileRef = 6AA61AD72AFE71E1002E3725 /* CaseIterable+Ext.swift */; };
		6AA63E572CD106BD00AC0E97 /* AlertHelper.swift in Sources */ = {isa = PBXBuildFile; fileRef = 6AA63E562CD1068B00AC0E97 /* AlertHelper.swift */; };
		6AA63E592CD3BB3200AC0E97 /* SelectableFolderListVM.swift in Sources */ = {isa = PBXBuildFile; fileRef = 6AA63E582CD3BB2A00AC0E97 /* SelectableFolderListVM.swift */; };
		6AA63E5F2CD7CF9400AC0E97 /* NibUIView.swift in Sources */ = {isa = PBXBuildFile; fileRef = 6AA63E5E2CD7CF8600AC0E97 /* NibUIView.swift */; };
		6AA63E612CD8F0B000AC0E97 /* UIView+GestureRecognizer.swift in Sources */ = {isa = PBXBuildFile; fileRef = 6AA63E602CD8F0A300AC0E97 /* UIView+GestureRecognizer.swift */; };
		6AA63E632CDCF26100AC0E97 /* FolderCRUDAlert.swift in Sources */ = {isa = PBXBuildFile; fileRef = 6AA63E622CDCF24000AC0E97 /* FolderCRUDAlert.swift */; };
		6AADDC102C95E2C80093EECC /* ImageFileModel.swift in Sources */ = {isa = PBXBuildFile; fileRef = 6AADDC0F2C95E2C80093EECC /* ImageFileModel.swift */; };
		6AD05D362CF3478D00DA4274 /* WidgetKit.framework in Frameworks */ = {isa = PBXBuildFile; fileRef = 6AD05D352CF3478D00DA4274 /* WidgetKit.framework */; };
		6AD05D382CF3478D00DA4274 /* SwiftUI.framework in Frameworks */ = {isa = PBXBuildFile; fileRef = 6AD05D372CF3478D00DA4274 /* SwiftUI.framework */; };
		6AD05D472CF3478E00DA4274 /* HashCameraWidgetExtension.appex in Embed Foundation Extensions */ = {isa = PBXBuildFile; fileRef = 6AD05D342CF3478D00DA4274 /* HashCameraWidgetExtension.appex */; settings = {ATTRIBUTES = (RemoveHeadersOnCopy, ); }; };
		6AE8CF9B2AF48C790063C8C6 /* AspectRatioType.swift in Sources */ = {isa = PBXBuildFile; fileRef = 6AE8CF9A2AF48C790063C8C6 /* AspectRatioType.swift */; };
		6AE8CF9F2AF4BF0D0063C8C6 /* HCError.swift in Sources */ = {isa = PBXBuildFile; fileRef = 6AE8CF9E2AF4BF0D0063C8C6 /* HCError.swift */; };
		6AE8CFA12AF4D32D0063C8C6 /* CamPreviewView.swift in Sources */ = {isa = PBXBuildFile; fileRef = 6AE8CFA02AF4D32D0063C8C6 /* CamPreviewView.swift */; };
		6AF642F82CA146B300F98F2E /* ShareHelper.swift in Sources */ = {isa = PBXBuildFile; fileRef = 6AF642F72CA146B100F98F2E /* ShareHelper.swift */; };
		6AFB72D42B0113D00029592F /* CaptureBtnView.swift in Sources */ = {isa = PBXBuildFile; fileRef = 6AFB72D32B0113D00029592F /* CaptureBtnView.swift */; };
		D8162419EE16F2EFD7F3DA95 /* Pods_HashCamera.framework in Frameworks */ = {isa = PBXBuildFile; fileRef = D52A1A36B28B5139A9782005 /* Pods_HashCamera.framework */; };
/* End PBXBuildFile section */

/* Begin PBXContainerItemProxy section */
		6AD05D452CF3478E00DA4274 /* PBXContainerItemProxy */ = {
			isa = PBXContainerItemProxy;
			containerPortal = 6A8B31EE2AE7983E00D24E49 /* Project object */;
			proxyType = 1;
			remoteGlobalIDString = 6AD05D332CF3478D00DA4274;
			remoteInfo = HashCameraWidgetExtension;
		};
/* End PBXContainerItemProxy section */

/* Begin PBXCopyFilesBuildPhase section */
		6AD05D482CF3478E00DA4274 /* Embed Foundation Extensions */ = {
			isa = PBXCopyFilesBuildPhase;
			buildActionMask = 2147483647;
			dstPath = "";
			dstSubfolderSpec = 13;
			files = (
				6AD05D472CF3478E00DA4274 /* HashCameraWidgetExtension.appex in Embed Foundation Extensions */,
			);
			name = "Embed Foundation Extensions";
			runOnlyForDeploymentPostprocessing = 0;
		};
/* End PBXCopyFilesBuildPhase section */

/* Begin PBXFileReference section */
		5DDE27474EC82DB6B6BB6709 /* Pods-HashCamera.release.xcconfig */ = {isa = PBXFileReference; includeInIndex = 1; lastKnownFileType = text.xcconfig; name = "Pods-HashCamera.release.xcconfig"; path = "Target Support Files/Pods-HashCamera/Pods-HashCamera.release.xcconfig"; sourceTree = "<group>"; };
		6A0188682C988CF2006F0A85 /* UIImageView_Extensions.swift */ = {isa = PBXFileReference; fileEncoding = 4; lastKnownFileType = sourcecode.swift; path = UIImageView_Extensions.swift; sourceTree = "<group>"; };
		6A0188692C988CF2006F0A85 /* UINavigationBar_Extensions.swift */ = {isa = PBXFileReference; fileEncoding = 4; lastKnownFileType = sourcecode.swift; path = UINavigationBar_Extensions.swift; sourceTree = "<group>"; };
		6A01886A2C988CF2006F0A85 /* ImageLoader.swift */ = {isa = PBXFileReference; fileEncoding = 4; lastKnownFileType = sourcecode.swift; path = ImageLoader.swift; sourceTree = "<group>"; };
		6A01886C2C988CF2006F0A85 /* ImageViewerController.swift */ = {isa = PBXFileReference; fileEncoding = 4; lastKnownFileType = sourcecode.swift; path = ImageViewerController.swift; sourceTree = "<group>"; };
		6A01886D2C988CF2006F0A85 /* UIView_Extensions.swift */ = {isa = PBXFileReference; fileEncoding = 4; lastKnownFileType = sourcecode.swift; path = UIView_Extensions.swift; sourceTree = "<group>"; };
		6A01886F2C988CF2006F0A85 /* ImageViewerTheme.swift */ = {isa = PBXFileReference; fileEncoding = 4; lastKnownFileType = sourcecode.swift; path = ImageViewerTheme.swift; sourceTree = "<group>"; };
		6A0188702C988CF2006F0A85 /* ImageCarouselViewController.swift */ = {isa = PBXFileReference; fileEncoding = 4; lastKnownFileType = sourcecode.swift; path = ImageCarouselViewController.swift; sourceTree = "<group>"; };
		6A0188722C988CF2006F0A85 /* ImageViewerTransitionPresentationManager.swift */ = {isa = PBXFileReference; fileEncoding = 4; lastKnownFileType = sourcecode.swift; path = ImageViewerTransitionPresentationManager.swift; sourceTree = "<group>"; };
		6A04706E2CF89E57004EAA92 /* HashCameraWidgetExtension.entitlements */ = {isa = PBXFileReference; lastKnownFileType = text.plist.entitlements; path = HashCameraWidgetExtension.entitlements; sourceTree = "<group>"; };
		6A0470832CFB4CAA004EAA92 /* WidgetSettingManager.swift */ = {isa = PBXFileReference; lastKnownFileType = sourcecode.swift; path = WidgetSettingManager.swift; sourceTree = "<group>"; };
		6A04708B2CFB4D7D004EAA92 /* VC+Navi+Ext.swift */ = {isa = PBXFileReference; lastKnownFileType = sourcecode.swift; path = "VC+Navi+Ext.swift"; sourceTree = "<group>"; };
		6A0470A92CFB540E004EAA92 /* WidgetSettingView.swift */ = {isa = PBXFileReference; lastKnownFileType = sourcecode.swift; path = WidgetSettingView.swift; sourceTree = "<group>"; };
		6A0470AB2CFB549D004EAA92 /* WidgetSettingVM.swift */ = {isa = PBXFileReference; lastKnownFileType = sourcecode.swift; path = WidgetSettingVM.swift; sourceTree = "<group>"; };
		6A0486412C49519000C3989F /* PhotoListVC.swift */ = {isa = PBXFileReference; lastKnownFileType = sourcecode.swift; path = PhotoListVC.swift; sourceTree = "<group>"; };
		6A0486422C49519000C3989F /* PhotoListVC.xib */ = {isa = PBXFileReference; lastKnownFileType = file.xib; path = PhotoListVC.xib; sourceTree = "<group>"; };
		6A0486492C49617500C3989F /* PhotoListVM.swift */ = {isa = PBXFileReference; lastKnownFileType = sourcecode.swift; path = PhotoListVM.swift; sourceTree = "<group>"; };
		6A051FD52DFD2F8000C3DE23 /* OrientationType.swift */ = {isa = PBXFileReference; lastKnownFileType = sourcecode.swift; path = OrientationType.swift; sourceTree = "<group>"; };
		6A051FD72DFD385200C3DE23 /* VideoEditor.swift */ = {isa = PBXFileReference; lastKnownFileType = sourcecode.swift; path = VideoEditor.swift; sourceTree = "<group>"; };
		6A051FE72DFDA7D800C3DE23 /* CaptureModeType.swift */ = {isa = PBXFileReference; lastKnownFileType = sourcecode.swift; path = CaptureModeType.swift; sourceTree = "<group>"; };
		6A051FE92E0051F900C3DE23 /* CamVCSmall.xib */ = {isa = PBXFileReference; lastKnownFileType = file.xib; path = CamVCSmall.xib; sourceTree = "<group>"; };
		6A0CAA912CA1AF88006BC4D3 /* MoveToFolderVC.swift */ = {isa = PBXFileReference; lastKnownFileType = sourcecode.swift; path = MoveToFolderVC.swift; sourceTree = "<group>"; };
		6A0CAA922CA1AF88006BC4D3 /* MoveToFolderVC.xib */ = {isa = PBXFileReference; lastKnownFileType = file.xib; path = MoveToFolderVC.xib; sourceTree = "<group>"; };
		6A0CAA952CA1AFF8006BC4D3 /* MoveToFolderVM.swift */ = {isa = PBXFileReference; lastKnownFileType = sourcecode.swift; path = MoveToFolderVM.swift; sourceTree = "<group>"; };
		6A0CAA972CA1B196006BC4D3 /* MoveToFolderListItemCell.swift */ = {isa = PBXFileReference; lastKnownFileType = sourcecode.swift; path = MoveToFolderListItemCell.swift; sourceTree = "<group>"; };
		6A0CAA982CA1B196006BC4D3 /* MoveToFolderListItemCell.xib */ = {isa = PBXFileReference; lastKnownFileType = file.xib; path = MoveToFolderListItemCell.xib; sourceTree = "<group>"; };
		6A0E37F22DDFCC3C0084B74D /* GoogleService-Info.plist */ = {isa = PBXFileReference; lastKnownFileType = text.plist.xml; path = "GoogleService-Info.plist"; sourceTree = "<group>"; };
		6A0E37F42DE0A1830084B74D /* VideoViewerController.swift */ = {isa = PBXFileReference; lastKnownFileType = sourcecode.swift; path = VideoViewerController.swift; sourceTree = "<group>"; };
		6A0E37F62DE0A3110084B74D /* MediaViewerVCProtocol.swift */ = {isa = PBXFileReference; lastKnownFileType = sourcecode.swift; path = MediaViewerVCProtocol.swift; sourceTree = "<group>"; };
		6A1083002D009B7B00C24FF6 /* WidgetSetting.swift */ = {isa = PBXFileReference; lastKnownFileType = sourcecode.swift; path = WidgetSetting.swift; sourceTree = "<group>"; };
		6A1083032D01F16700C24FF6 /* NotificationName.swift */ = {isa = PBXFileReference; lastKnownFileType = sourcecode.swift; path = NotificationName.swift; sourceTree = "<group>"; };
		6A133E4C2B0503690018A769 /* AppLifeCycle.swift */ = {isa = PBXFileReference; lastKnownFileType = sourcecode.swift; path = AppLifeCycle.swift; sourceTree = "<group>"; };
		6A133E502B0655320018A769 /* CamVM.swift */ = {isa = PBXFileReference; lastKnownFileType = sourcecode.swift; path = CamVM.swift; sourceTree = "<group>"; };
		6A1C2F1B2B0CFBE20085C3E1 /* HashCamera.entitlements */ = {isa = PBXFileReference; lastKnownFileType = text.plist.entitlements; path = HashCamera.entitlements; sourceTree = "<group>"; };
		6A2529D52B162BAA00721202 /* PhotoListItemCell.swift */ = {isa = PBXFileReference; lastKnownFileType = sourcecode.swift; path = PhotoListItemCell.swift; sourceTree = "<group>"; };
		6A2529D62B162BAA00721202 /* PhotoListItemCell.xib */ = {isa = PBXFileReference; lastKnownFileType = file.xib; path = PhotoListItemCell.xib; sourceTree = "<group>"; };
		6A2C369C2BA8711600AAF24B /* FolderMonitor.swift */ = {isa = PBXFileReference; lastKnownFileType = sourcecode.swift; path = FolderMonitor.swift; sourceTree = "<group>"; };
		6A3527352C7EB68C00FA6A91 /* FileService.swift */ = {isa = PBXFileReference; lastKnownFileType = sourcecode.swift; path = FileService.swift; sourceTree = "<group>"; };
		6A37964D2BB5A34700BAFC19 /* EmailHelper.swift */ = {isa = PBXFileReference; lastKnownFileType = sourcecode.swift; path = EmailHelper.swift; sourceTree = "<group>"; };
		6A3796512BB5A42600BAFC19 /* CameraSetting.swift */ = {isa = PBXFileReference; lastKnownFileType = sourcecode.swift; path = CameraSetting.swift; sourceTree = "<group>"; };
		6A3796532BB5A44000BAFC19 /* PhotoFileFormat.swift */ = {isa = PBXFileReference; lastKnownFileType = sourcecode.swift; path = PhotoFileFormat.swift; sourceTree = "<group>"; };
		6A3796552BB5A47900BAFC19 /* SettingsView.swift */ = {isa = PBXFileReference; lastKnownFileType = sourcecode.swift; path = SettingsView.swift; sourceTree = "<group>"; };
		6A3796572BB5A4CD00BAFC19 /* AppStatus.swift */ = {isa = PBXFileReference; lastKnownFileType = sourcecode.swift; path = AppStatus.swift; sourceTree = "<group>"; };
		6A6C4C562C8A049B007F794F /* FolderListVM.swift */ = {isa = PBXFileReference; lastKnownFileType = sourcecode.swift; path = FolderListVM.swift; sourceTree = "<group>"; };
		6A73A1012C5143B2007B6CAE /* Utils.swift */ = {isa = PBXFileReference; lastKnownFileType = sourcecode.swift; path = Utils.swift; sourceTree = "<group>"; };
		6A73A1032C610A2D007B6CAE /* FolderListItemCell.swift */ = {isa = PBXFileReference; lastKnownFileType = sourcecode.swift; path = FolderListItemCell.swift; sourceTree = "<group>"; };
		6A73A1042C610A2D007B6CAE /* FolderListItemCell.xib */ = {isa = PBXFileReference; lastKnownFileType = file.xib; path = FolderListItemCell.xib; sourceTree = "<group>"; };
		6A73A1072C6A3DF5007B6CAE /* SystemUIImage.swift */ = {isa = PBXFileReference; lastKnownFileType = sourcecode.swift; path = SystemUIImage.swift; sourceTree = "<group>"; };
		6A755F772CBE3286008B5F95 /* CamVC.xib */ = {isa = PBXFileReference; lastKnownFileType = file.xib; path = CamVC.xib; sourceTree = "<group>"; };
		6A7A50142CE63E4F006DAA22 /* en */ = {isa = PBXFileReference; lastKnownFileType = text.plist.strings; name = en; path = en.lproj/Localizable.strings; sourceTree = "<group>"; };
		6A7A50162CE63E76006DAA22 /* ko */ = {isa = PBXFileReference; lastKnownFileType = text.plist.strings; name = ko; path = ko.lproj/Localizable.strings; sourceTree = "<group>"; };
		6A7A50172CE63FF5006DAA22 /* Localization.swift */ = {isa = PBXFileReference; lastKnownFileType = sourcecode.swift; path = Localization.swift; sourceTree = "<group>"; };
		6A7D4F642C76237C00ED0C59 /* FolderService.swift */ = {isa = PBXFileReference; lastKnownFileType = sourcecode.swift; path = FolderService.swift; sourceTree = "<group>"; };
		6A7D4F662C775DED00ED0C59 /* FolderListVC.swift */ = {isa = PBXFileReference; lastKnownFileType = sourcecode.swift; path = FolderListVC.swift; sourceTree = "<group>"; };
		6A7D4F672C775DED00ED0C59 /* FolderListVC.xib */ = {isa = PBXFileReference; lastKnownFileType = file.xib; path = FolderListVC.xib; sourceTree = "<group>"; };
		6A7D4F6D2C7B4C9A00ED0C59 /* FolderModel.swift */ = {isa = PBXFileReference; lastKnownFileType = sourcecode.swift; path = FolderModel.swift; sourceTree = "<group>"; };
		6A8B31F62AE7983E00D24E49 /* HashCamera.app */ = {isa = PBXFileReference; explicitFileType = wrapper.application; includeInIndex = 0; path = HashCamera.app; sourceTree = BUILT_PRODUCTS_DIR; };
		6A8B31F92AE7983E00D24E49 /* AppDelegate.swift */ = {isa = PBXFileReference; lastKnownFileType = sourcecode.swift; path = AppDelegate.swift; sourceTree = "<group>"; };
		6A8B31FB2AE7983E00D24E49 /* SceneDelegate.swift */ = {isa = PBXFileReference; lastKnownFileType = sourcecode.swift; path = SceneDelegate.swift; sourceTree = "<group>"; };
		6A8B31FD2AE7983E00D24E49 /* ViewController.swift */ = {isa = PBXFileReference; lastKnownFileType = sourcecode.swift; path = ViewController.swift; sourceTree = "<group>"; };
		6A8B32002AE7983E00D24E49 /* Base */ = {isa = PBXFileReference; lastKnownFileType = file.storyboard; name = Base; path = Base.lproj/Main.storyboard; sourceTree = "<group>"; };
		6A8B32022AE7983F00D24E49 /* Assets.xcassets */ = {isa = PBXFileReference; lastKnownFileType = folder.assetcatalog; path = Assets.xcassets; sourceTree = "<group>"; };
		6A8B32052AE7983F00D24E49 /* Base */ = {isa = PBXFileReference; lastKnownFileType = file.storyboard; name = Base; path = Base.lproj/LaunchScreen.storyboard; sourceTree = "<group>"; };
		6A8B32072AE7983F00D24E49 /* Info.plist */ = {isa = PBXFileReference; lastKnownFileType = text.plist.xml; path = Info.plist; sourceTree = "<group>"; };
		6A8B32142AE7A03000D24E49 /* CamVC.swift */ = {isa = PBXFileReference; lastKnownFileType = sourcecode.swift; path = CamVC.swift; sourceTree = "<group>"; };
		6A8C3AF72CF04F1900127D4F /* PrivacyInfo.xcprivacy */ = {isa = PBXFileReference; lastKnownFileType = text.xml; path = PrivacyInfo.xcprivacy; sourceTree = "<group>"; };
		6A9119922DE0CFC300C7E6EF /* CustomVideoPlayerVC.swift */ = {isa = PBXFileReference; lastKnownFileType = sourcecode.swift; path = CustomVideoPlayerVC.swift; sourceTree = "<group>"; };
		6A961E5F2B011FA100A05F9B /* CALayer+Ext.swift */ = {isa = PBXFileReference; lastKnownFileType = sourcecode.swift; path = "CALayer+Ext.swift"; sourceTree = "<group>"; };
		6A971F6B2CEB915200B7851C /* en */ = {isa = PBXFileReference; lastKnownFileType = text.plist.strings; name = en; path = en.lproj/InfoPlist.strings; sourceTree = "<group>"; };
		6A971F6D2CEB915600B7851C /* ko */ = {isa = PBXFileReference; lastKnownFileType = text.plist.strings; name = ko; path = ko.lproj/InfoPlist.strings; sourceTree = "<group>"; };
		6AA609612CBE5E880011BB59 /* SelectSaveFolderVC.swift */ = {isa = PBXFileReference; lastKnownFileType = sourcecode.swift; path = SelectSaveFolderVC.swift; sourceTree = "<group>"; };
		6AA609622CBE5E880011BB59 /* SelectSaveFolderVC.xib */ = {isa = PBXFileReference; lastKnownFileType = file.xib; path = SelectSaveFolderVC.xib; sourceTree = "<group>"; };
		6AA609662CBE600B0011BB59 /* SelectSaveFolderVM.swift */ = {isa = PBXFileReference; lastKnownFileType = sourcecode.swift; path = SelectSaveFolderVM.swift; sourceTree = "<group>"; };
		6AA609682CBEAE060011BB59 /* SelectSaveFolderItemCell.swift */ = {isa = PBXFileReference; lastKnownFileType = sourcecode.swift; path = SelectSaveFolderItemCell.swift; sourceTree = "<group>"; };
		6AA609692CBEAE060011BB59 /* SelectSaveFolderItemCell.xib */ = {isa = PBXFileReference; lastKnownFileType = file.xib; path = SelectSaveFolderItemCell.xib; sourceTree = "<group>"; };
		6AA61AC72AE81555002E3725 /* AuthorizationManager.swift */ = {isa = PBXFileReference; lastKnownFileType = sourcecode.swift; path = AuthorizationManager.swift; sourceTree = "<group>"; };
		6AA61ACB2AF14A5C002E3725 /* CameraModel.swift */ = {isa = PBXFileReference; lastKnownFileType = sourcecode.swift; path = CameraModel.swift; sourceTree = "<group>"; };
		6AA61ACF2AFA8337002E3725 /* TopMenuBarView.xib */ = {isa = PBXFileReference; lastKnownFileType = file.xib; path = TopMenuBarView.xib; sourceTree = "<group>"; };
		6AA61AD12AFA850E002E3725 /* FlashMode+Ext.swift */ = {isa = PBXFileReference; lastKnownFileType = sourcecode.swift; path = "FlashMode+Ext.swift"; sourceTree = "<group>"; };
		6AA61AD32AFD22E3002E3725 /* TopMenuBarView.swift */ = {isa = PBXFileReference; lastKnownFileType = sourcecode.swift; path = TopMenuBarView.swift; sourceTree = "<group>"; };
		6AA61AD72AFE71E1002E3725 /* CaseIterable+Ext.swift */ = {isa = PBXFileReference; lastKnownFileType = sourcecode.swift; path = "CaseIterable+Ext.swift"; sourceTree = "<group>"; };
		6AA63E562CD1068B00AC0E97 /* AlertHelper.swift */ = {isa = PBXFileReference; lastKnownFileType = sourcecode.swift; path = AlertHelper.swift; sourceTree = "<group>"; };
		6AA63E582CD3BB2A00AC0E97 /* SelectableFolderListVM.swift */ = {isa = PBXFileReference; lastKnownFileType = sourcecode.swift; path = SelectableFolderListVM.swift; sourceTree = "<group>"; };
		6AA63E5E2CD7CF8600AC0E97 /* NibUIView.swift */ = {isa = PBXFileReference; lastKnownFileType = sourcecode.swift; path = NibUIView.swift; sourceTree = "<group>"; };
		6AA63E602CD8F0A300AC0E97 /* UIView+GestureRecognizer.swift */ = {isa = PBXFileReference; lastKnownFileType = sourcecode.swift; path = "UIView+GestureRecognizer.swift"; sourceTree = "<group>"; };
		6AA63E622CDCF24000AC0E97 /* FolderCRUDAlert.swift */ = {isa = PBXFileReference; lastKnownFileType = sourcecode.swift; path = FolderCRUDAlert.swift; sourceTree = "<group>"; };
		6AADDC0F2C95E2C80093EECC /* ImageFileModel.swift */ = {isa = PBXFileReference; lastKnownFileType = sourcecode.swift; path = ImageFileModel.swift; sourceTree = "<group>"; };
		6AD05D342CF3478D00DA4274 /* HashCameraWidgetExtension.appex */ = {isa = PBXFileReference; explicitFileType = "wrapper.app-extension"; includeInIndex = 0; path = HashCameraWidgetExtension.appex; sourceTree = BUILT_PRODUCTS_DIR; };
		6AD05D352CF3478D00DA4274 /* WidgetKit.framework */ = {isa = PBXFileReference; lastKnownFileType = wrapper.framework; name = WidgetKit.framework; path = System/Library/Frameworks/WidgetKit.framework; sourceTree = SDKROOT; };
		6AD05D372CF3478D00DA4274 /* SwiftUI.framework */ = {isa = PBXFileReference; lastKnownFileType = wrapper.framework; name = SwiftUI.framework; path = System/Library/Frameworks/SwiftUI.framework; sourceTree = SDKROOT; };
		6AE8CF9A2AF48C790063C8C6 /* AspectRatioType.swift */ = {isa = PBXFileReference; lastKnownFileType = sourcecode.swift; path = AspectRatioType.swift; sourceTree = "<group>"; };
		6AE8CF9E2AF4BF0D0063C8C6 /* HCError.swift */ = {isa = PBXFileReference; lastKnownFileType = sourcecode.swift; path = HCError.swift; sourceTree = "<group>"; };
		6AE8CFA02AF4D32D0063C8C6 /* CamPreviewView.swift */ = {isa = PBXFileReference; lastKnownFileType = sourcecode.swift; path = CamPreviewView.swift; sourceTree = "<group>"; };
		6AF642F72CA146B100F98F2E /* ShareHelper.swift */ = {isa = PBXFileReference; lastKnownFileType = sourcecode.swift; path = ShareHelper.swift; sourceTree = "<group>"; };
		6AFB72C02AFFBFE40029592F /* RxCocoa.framework */ = {isa = PBXFileReference; explicitFileType = wrapper.framework; path = RxCocoa.framework; sourceTree = BUILT_PRODUCTS_DIR; };
		6AFB72C12AFFBFE40029592F /* RxGesture.framework */ = {isa = PBXFileReference; explicitFileType = wrapper.framework; path = RxGesture.framework; sourceTree = BUILT_PRODUCTS_DIR; };
		6AFB72C22AFFBFE40029592F /* RxRelay.framework */ = {isa = PBXFileReference; explicitFileType = wrapper.framework; path = RxRelay.framework; sourceTree = BUILT_PRODUCTS_DIR; };
		6AFB72C32AFFBFE40029592F /* RxSwift.framework */ = {isa = PBXFileReference; explicitFileType = wrapper.framework; path = RxSwift.framework; sourceTree = BUILT_PRODUCTS_DIR; };
		6AFB72C42AFFBFE40029592F /* SnapKit.framework */ = {isa = PBXFileReference; explicitFileType = wrapper.framework; path = SnapKit.framework; sourceTree = BUILT_PRODUCTS_DIR; };
		6AFB72D32B0113D00029592F /* CaptureBtnView.swift */ = {isa = PBXFileReference; lastKnownFileType = sourcecode.swift; path = CaptureBtnView.swift; sourceTree = "<group>"; };
		7230C33910ECE9AC6FF488D3 /* Pods-HashCamera.debug.xcconfig */ = {isa = PBXFileReference; includeInIndex = 1; lastKnownFileType = text.xcconfig; name = "Pods-HashCamera.debug.xcconfig"; path = "Target Support Files/Pods-HashCamera/Pods-HashCamera.debug.xcconfig"; sourceTree = "<group>"; };
		D52A1A36B28B5139A9782005 /* Pods_HashCamera.framework */ = {isa = PBXFileReference; explicitFileType = wrapper.framework; includeInIndex = 0; path = Pods_HashCamera.framework; sourceTree = BUILT_PRODUCTS_DIR; };
/* End PBXFileReference section */

/* Begin PBXFileSystemSynchronizedBuildFileExceptionSet section */
		6A0470AE2CFB5E1F004EAA92 /* PBXFileSystemSynchronizedBuildFileExceptionSet */ = {
			isa = PBXFileSystemSynchronizedBuildFileExceptionSet;
			membershipExceptions = (
				HashCameraWidget.swift,
			);
			target = 6A8B31F52AE7983E00D24E49 /* HashCamera */;
		};
		6AD05D4B2CF3478E00DA4274 /* PBXFileSystemSynchronizedBuildFileExceptionSet */ = {
			isa = PBXFileSystemSynchronizedBuildFileExceptionSet;
			membershipExceptions = (
				Info.plist,
			);
			target = 6AD05D332CF3478D00DA4274 /* HashCameraWidgetExtension */;
		};
/* End PBXFileSystemSynchronizedBuildFileExceptionSet section */

/* Begin PBXFileSystemSynchronizedRootGroup section */
		6AD05D392CF3478D00DA4274 /* HashCameraWidget */ = {isa = PBXFileSystemSynchronizedRootGroup; exceptions = (6A0470AE2CFB5E1F004EAA92 /* PBXFileSystemSynchronizedBuildFileExceptionSet */, 6AD05D4B2CF3478E00DA4274 /* PBXFileSystemSynchronizedBuildFileExceptionSet */, ); explicitFileTypes = {}; explicitFolders = (); path = HashCameraWidget; sourceTree = "<group>"; };
/* End PBXFileSystemSynchronizedRootGroup section */

/* Begin PBXFrameworksBuildPhase section */
		6A8B31F32AE7983E00D24E49 /* Frameworks */ = {
			isa = PBXFrameworksBuildPhase;
			buildActionMask = 2147483647;
			files = (
				D8162419EE16F2EFD7F3DA95 /* Pods_HashCamera.framework in Frameworks */,
			);
			runOnlyForDeploymentPostprocessing = 0;
		};
		6AD05D312CF3478D00DA4274 /* Frameworks */ = {
			isa = PBXFrameworksBuildPhase;
			buildActionMask = 2147483647;
			files = (
				6AD05D382CF3478D00DA4274 /* SwiftUI.framework in Frameworks */,
				6AD05D362CF3478D00DA4274 /* WidgetKit.framework in Frameworks */,
			);
			runOnlyForDeploymentPostprocessing = 0;
		};
/* End PBXFrameworksBuildPhase section */

/* Begin PBXGroup section */
		6A0188662C988CA1006F0A85 /* ImageViewer */ = {
			isa = PBXGroup;
			children = (
				6A9119922DE0CFC300C7E6EF /* CustomVideoPlayerVC.swift */,
				6A0E37F62DE0A3110084B74D /* MediaViewerVCProtocol.swift */,
				6A0188702C988CF2006F0A85 /* ImageCarouselViewController.swift */,
				6A01886A2C988CF2006F0A85 /* ImageLoader.swift */,
				6A01886C2C988CF2006F0A85 /* ImageViewerController.swift */,
				6A0E37F42DE0A1830084B74D /* VideoViewerController.swift */,
				6A01886F2C988CF2006F0A85 /* ImageViewerTheme.swift */,
				6A0188722C988CF2006F0A85 /* ImageViewerTransitionPresentationManager.swift */,
				6A0188682C988CF2006F0A85 /* UIImageView_Extensions.swift */,
				6A0188692C988CF2006F0A85 /* UINavigationBar_Extensions.swift */,
				6A01886D2C988CF2006F0A85 /* UIView_Extensions.swift */,
			);
			path = ImageViewer;
			sourceTree = "<group>";
		};
		6A0470A82CFB53ED004EAA92 /* WidgetSettingScene */ = {
			isa = PBXGroup;
			children = (
				6A0470AB2CFB549D004EAA92 /* WidgetSettingVM.swift */,
				6A0470A92CFB540E004EAA92 /* WidgetSettingView.swift */,
			);
			path = WidgetSettingScene;
			sourceTree = "<group>";
		};
		6A04863C2C494FAB00C3989F /* PhotoListScene */ = {
			isa = PBXGroup;
			children = (
				6A2529D52B162BAA00721202 /* PhotoListItemCell.swift */,
				6A2529D62B162BAA00721202 /* PhotoListItemCell.xib */,
				6A0486412C49519000C3989F /* PhotoListVC.swift */,
				6A0486422C49519000C3989F /* PhotoListVC.xib */,
				6A0486492C49617500C3989F /* PhotoListVM.swift */,
				6AADDC0F2C95E2C80093EECC /* ImageFileModel.swift */,
			);
			path = PhotoListScene;
			sourceTree = "<group>";
		};
		6A04864B2C4E8E6C00C3989F /* FolderListScene */ = {
			isa = PBXGroup;
			children = (
				6A73A1032C610A2D007B6CAE /* FolderListItemCell.swift */,
				6A73A1042C610A2D007B6CAE /* FolderListItemCell.xib */,
				6A6C4C562C8A049B007F794F /* FolderListVM.swift */,
				6A7D4F662C775DED00ED0C59 /* FolderListVC.swift */,
				6A7D4F672C775DED00ED0C59 /* FolderListVC.xib */,
			);
			path = FolderListScene;
			sourceTree = "<group>";
		};
		6A3796592BB5A4FB00BAFC19 /* Utilities */ = {
			isa = PBXGroup;
			children = (
				6A051FD72DFD385200C3DE23 /* VideoEditor.swift */,
				6A1083002D009B7B00C24FF6 /* WidgetSetting.swift */,
				6AA63E602CD8F0A300AC0E97 /* UIView+GestureRecognizer.swift */,
				6AA63E5E2CD7CF8600AC0E97 /* NibUIView.swift */,
				6AA63E562CD1068B00AC0E97 /* AlertHelper.swift */,
				6A73A1012C5143B2007B6CAE /* Utils.swift */,
				6A04708B2CFB4D7D004EAA92 /* VC+Navi+Ext.swift */,
				6AF642F72CA146B100F98F2E /* ShareHelper.swift */,
				6A37964D2BB5A34700BAFC19 /* EmailHelper.swift */,
				6A3796512BB5A42600BAFC19 /* CameraSetting.swift */,
				6A0470832CFB4CAA004EAA92 /* WidgetSettingManager.swift */,
				6A3796572BB5A4CD00BAFC19 /* AppStatus.swift */,
				6A133E4C2B0503690018A769 /* AppLifeCycle.swift */,
				6A73A1072C6A3DF5007B6CAE /* SystemUIImage.swift */,
				6AA61AC72AE81555002E3725 /* AuthorizationManager.swift */,
				6AA61AD72AFE71E1002E3725 /* CaseIterable+Ext.swift */,
				6AA61AD12AFA850E002E3725 /* FlashMode+Ext.swift */,
				6A961E5F2B011FA100A05F9B /* CALayer+Ext.swift */,
				6A1083032D01F16700C24FF6 /* NotificationName.swift */,
			);
			path = Utilities;
			sourceTree = "<group>";
		};
		6A40D1B42D060E2D006030B2 /* SettingsScene */ = {
			isa = PBXGroup;
			children = (
				6A3796552BB5A47900BAFC19 /* SettingsView.swift */,
			);
			path = SettingsScene;
			sourceTree = "<group>";
		};
		6A7A50122CE63E35006DAA22 /* Localization */ = {
			isa = PBXGroup;
			children = (
				6A7A50172CE63FF5006DAA22 /* Localization.swift */,
				6A7A50132CE63E4F006DAA22 /* Localizable.strings */,
				6A971F6A2CEB915200B7851C /* InfoPlist.strings */,
			);
			path = Localization;
			sourceTree = "<group>";
		};
		6A8B31ED2AE7983E00D24E49 = {
			isa = PBXGroup;
			children = (
				6A04706E2CF89E57004EAA92 /* HashCameraWidgetExtension.entitlements */,
				6A8B31F82AE7983E00D24E49 /* HashCamera */,
				6AD05D392CF3478D00DA4274 /* HashCameraWidget */,
				6A8B31F72AE7983E00D24E49 /* Products */,
				6B8A5C1B66D8B62E80A1E971 /* Pods */,
				B68C2C3CC4E331D4828E2D3F /* Frameworks */,
			);
			sourceTree = "<group>";
		};
		6A8B31F72AE7983E00D24E49 /* Products */ = {
			isa = PBXGroup;
			children = (
				6A8B31F62AE7983E00D24E49 /* HashCamera.app */,
				6AD05D342CF3478D00DA4274 /* HashCameraWidgetExtension.appex */,
			);
			name = Products;
			sourceTree = "<group>";
		};
		6A8B31F82AE7983E00D24E49 /* HashCamera */ = {
			isa = PBXGroup;
			children = (
				6A8B32292AE7AB8400D24E49 /* Model */,
				6A3796592BB5A4FB00BAFC19 /* Utilities */,
				6A8B320D2AE79ED300D24E49 /* Camera */,
				6AA6096C2CBEAE180011BB59 /* SelectSaveFolder */,
				6AA63E642CDD07E400AC0E97 /* FileFunction */,
				6A04864B2C4E8E6C00C3989F /* FolderListScene */,
				6A04863C2C494FAB00C3989F /* PhotoListScene */,
				6A0188662C988CA1006F0A85 /* ImageViewer */,
				6ACAB0842C9C78350009553E /* MoveToFolderScene */,
				6A40D1B42D060E2D006030B2 /* SettingsScene */,
				6A0470A82CFB53ED004EAA92 /* WidgetSettingScene */,
				6A1C2F1B2B0CFBE20085C3E1 /* HashCamera.entitlements */,
				6A8B31F92AE7983E00D24E49 /* AppDelegate.swift */,
				6A8B31FB2AE7983E00D24E49 /* SceneDelegate.swift */,
				6A7A50122CE63E35006DAA22 /* Localization */,
				6A8B31FD2AE7983E00D24E49 /* ViewController.swift */,
				6A8B31FF2AE7983E00D24E49 /* Main.storyboard */,
				6A8B32022AE7983F00D24E49 /* Assets.xcassets */,
				6A8B32042AE7983F00D24E49 /* LaunchScreen.storyboard */,
				6A8C3AF72CF04F1900127D4F /* PrivacyInfo.xcprivacy */,
				6A8B32072AE7983F00D24E49 /* Info.plist */,
				6A0E37F22DDFCC3C0084B74D /* GoogleService-Info.plist */,
				6AE8CF9E2AF4BF0D0063C8C6 /* HCError.swift */,
			);
			path = HashCamera;
			sourceTree = "<group>";
		};
		6A8B320D2AE79ED300D24E49 /* Camera */ = {
			isa = PBXGroup;
			children = (
				6AE8CFA22AF4D5A70063C8C6 /* Components */,
				6A8B32142AE7A03000D24E49 /* CamVC.swift */,
				6A755F772CBE3286008B5F95 /* CamVC.xib */,
				6A051FE92E0051F900C3DE23 /* CamVCSmall.xib */,
				6A133E502B0655320018A769 /* CamVM.swift */,
				6AA61ACB2AF14A5C002E3725 /* CameraModel.swift */,
			);
			path = Camera;
			sourceTree = "<group>";
		};
		6A8B32292AE7AB8400D24E49 /* Model */ = {
			isa = PBXGroup;
			children = (
				6A051FE72DFDA7D800C3DE23 /* CaptureModeType.swift */,
				6A051FD52DFD2F8000C3DE23 /* OrientationType.swift */,
				6AE8CF9A2AF48C790063C8C6 /* AspectRatioType.swift */,
				6A3796532BB5A44000BAFC19 /* PhotoFileFormat.swift */,
			);
			path = Model;
			sourceTree = "<group>";
		};
		6AA6096C2CBEAE180011BB59 /* SelectSaveFolder */ = {
			isa = PBXGroup;
			children = (
				6AA609662CBE600B0011BB59 /* SelectSaveFolderVM.swift */,
				6AA609612CBE5E880011BB59 /* SelectSaveFolderVC.swift */,
				6AA609622CBE5E880011BB59 /* SelectSaveFolderVC.xib */,
				6AA609682CBEAE060011BB59 /* SelectSaveFolderItemCell.swift */,
				6AA609692CBEAE060011BB59 /* SelectSaveFolderItemCell.xib */,
			);
			path = SelectSaveFolder;
			sourceTree = "<group>";
		};
		6AA63E642CDD07E400AC0E97 /* FileFunction */ = {
			isa = PBXGroup;
			children = (
				6A2C369C2BA8711600AAF24B /* FolderMonitor.swift */,
				6A7D4F642C76237C00ED0C59 /* FolderService.swift */,
				6A3527352C7EB68C00FA6A91 /* FileService.swift */,
				6AA63E622CDCF24000AC0E97 /* FolderCRUDAlert.swift */,
				6AA63E582CD3BB2A00AC0E97 /* SelectableFolderListVM.swift */,
				6A7D4F6D2C7B4C9A00ED0C59 /* FolderModel.swift */,
			);
			path = FileFunction;
			sourceTree = "<group>";
		};
		6ACAB0842C9C78350009553E /* MoveToFolderScene */ = {
			isa = PBXGroup;
			children = (
				6A0CAA952CA1AFF8006BC4D3 /* MoveToFolderVM.swift */,
				6A0CAA912CA1AF88006BC4D3 /* MoveToFolderVC.swift */,
				6A0CAA922CA1AF88006BC4D3 /* MoveToFolderVC.xib */,
				6A0CAA972CA1B196006BC4D3 /* MoveToFolderListItemCell.swift */,
				6A0CAA982CA1B196006BC4D3 /* MoveToFolderListItemCell.xib */,
			);
			path = MoveToFolderScene;
			sourceTree = "<group>";
		};
		6AE8CFA22AF4D5A70063C8C6 /* Components */ = {
			isa = PBXGroup;
			children = (
				6AE8CFA02AF4D32D0063C8C6 /* CamPreviewView.swift */,
				6AA61ACF2AFA8337002E3725 /* TopMenuBarView.xib */,
				6AA61AD32AFD22E3002E3725 /* TopMenuBarView.swift */,
				6AFB72D32B0113D00029592F /* CaptureBtnView.swift */,
			);
			path = Components;
			sourceTree = "<group>";
		};
		6B8A5C1B66D8B62E80A1E971 /* Pods */ = {
			isa = PBXGroup;
			children = (
				7230C33910ECE9AC6FF488D3 /* Pods-HashCamera.debug.xcconfig */,
				5DDE27474EC82DB6B6BB6709 /* Pods-HashCamera.release.xcconfig */,
			);
			path = Pods;
			sourceTree = "<group>";
		};
		B68C2C3CC4E331D4828E2D3F /* Frameworks */ = {
			isa = PBXGroup;
			children = (
				6AFB72C02AFFBFE40029592F /* RxCocoa.framework */,
				6AFB72C12AFFBFE40029592F /* RxGesture.framework */,
				6AFB72C22AFFBFE40029592F /* RxRelay.framework */,
				6AFB72C32AFFBFE40029592F /* RxSwift.framework */,
				6AFB72C42AFFBFE40029592F /* SnapKit.framework */,
				D52A1A36B28B5139A9782005 /* Pods_HashCamera.framework */,
				6AD05D352CF3478D00DA4274 /* WidgetKit.framework */,
				6AD05D372CF3478D00DA4274 /* SwiftUI.framework */,
			);
			name = Frameworks;
			sourceTree = "<group>";
		};
/* End PBXGroup section */

/* Begin PBXNativeTarget section */
		6A8B31F52AE7983E00D24E49 /* HashCamera */ = {
			isa = PBXNativeTarget;
			buildConfigurationList = 6A8B320A2AE7983F00D24E49 /* Build configuration list for PBXNativeTarget "HashCamera" */;
			buildPhases = (
				F200E6CE16D5F95B69FCE959 /* [CP] Check Pods Manifest.lock */,
				6A8B31F22AE7983E00D24E49 /* Sources */,
				6A8B31F32AE7983E00D24E49 /* Frameworks */,
				6A8B31F42AE7983E00D24E49 /* Resources */,
				838D0943E409634876F89E3B /* [CP] Embed Pods Frameworks */,
				6AD05D482CF3478E00DA4274 /* Embed Foundation Extensions */,
				6A971F6E2CEF9F3400B7851C /* Firebase crashlytics */,
			);
			buildRules = (
			);
			dependencies = (
				6AD05D462CF3478E00DA4274 /* PBXTargetDependency */,
			);
			name = HashCamera;
			productName = HashCamera;
			productReference = 6A8B31F62AE7983E00D24E49 /* HashCamera.app */;
			productType = "com.apple.product-type.application";
		};
		6AD05D332CF3478D00DA4274 /* HashCameraWidgetExtension */ = {
			isa = PBXNativeTarget;
			buildConfigurationList = 6AD05D4C2CF3478E00DA4274 /* Build configuration list for PBXNativeTarget "HashCameraWidgetExtension" */;
			buildPhases = (
				6AD05D302CF3478D00DA4274 /* Sources */,
				6AD05D312CF3478D00DA4274 /* Frameworks */,
				6AD05D322CF3478D00DA4274 /* Resources */,
			);
			buildRules = (
			);
			dependencies = (
			);
			fileSystemSynchronizedGroups = (
				6AD05D392CF3478D00DA4274 /* HashCameraWidget */,
			);
			name = HashCameraWidgetExtension;
			packageProductDependencies = (
			);
			productName = HashCameraWidgetExtension;
			productReference = 6AD05D342CF3478D00DA4274 /* HashCameraWidgetExtension.appex */;
			productType = "com.apple.product-type.app-extension";
		};
/* End PBXNativeTarget section */

/* Begin PBXProject section */
		6A8B31EE2AE7983E00D24E49 /* Project object */ = {
			isa = PBXProject;
			attributes = {
				BuildIndependentTargetsInParallel = 1;
				LastSwiftUpdateCheck = 1610;
				LastUpgradeCheck = 1500;
				TargetAttributes = {
					6A8B31F52AE7983E00D24E49 = {
						CreatedOnToolsVersion = 15.0.1;
					};
					6AD05D332CF3478D00DA4274 = {
						CreatedOnToolsVersion = 16.1;
					};
				};
			};
			buildConfigurationList = 6A8B31F12AE7983E00D24E49 /* Build configuration list for PBXProject "HashCamera" */;
			compatibilityVersion = "Xcode 14.0";
			developmentRegion = en;
			hasScannedForEncodings = 0;
			knownRegions = (
				en,
				Base,
				ko,
			);
			mainGroup = 6A8B31ED2AE7983E00D24E49;
			productRefGroup = 6A8B31F72AE7983E00D24E49 /* Products */;
			projectDirPath = "";
			projectRoot = "";
			targets = (
				6A8B31F52AE7983E00D24E49 /* HashCamera */,
				6AD05D332CF3478D00DA4274 /* HashCameraWidgetExtension */,
			);
		};
/* End PBXProject section */

/* Begin PBXResourcesBuildPhase section */
		6A8B31F42AE7983E00D24E49 /* Resources */ = {
			isa = PBXResourcesBuildPhase;
			buildActionMask = 2147483647;
			files = (
				6A0486442C49519000C3989F /* PhotoListVC.xib in Resources */,
				6A0E37F32DDFCC3C0084B74D /* GoogleService-Info.plist in Resources */,
				6A8B32062AE7983F00D24E49 /* LaunchScreen.storyboard in Resources */,
				6AA61AD02AFA8337002E3725 /* TopMenuBarView.xib in Resources */,
				6A73A1062C610A2D007B6CAE /* FolderListItemCell.xib in Resources */,
				6A8B32032AE7983F00D24E49 /* Assets.xcassets in Resources */,
				6A971F6C2CEB915200B7851C /* InfoPlist.strings in Resources */,
				6A0CAA9A2CA1B196006BC4D3 /* MoveToFolderListItemCell.xib in Resources */,
				6A0CAA942CA1AF88006BC4D3 /* MoveToFolderVC.xib in Resources */,
				6A051FEA2E0051F900C3DE23 /* CamVCSmall.xib in Resources */,
				6A755F782CBE3286008B5F95 /* CamVC.xib in Resources */,
				6AA6096A2CBEAE060011BB59 /* SelectSaveFolderItemCell.xib in Resources */,
				6A7A50152CE63E4F006DAA22 /* Localizable.strings in Resources */,
				6A8C3AF82CF04F1900127D4F /* PrivacyInfo.xcprivacy in Resources */,
				6AA609632CBE5E880011BB59 /* SelectSaveFolderVC.xib in Resources */,
				6A8B32012AE7983E00D24E49 /* Main.storyboard in Resources */,
				6A7D4F692C775DED00ED0C59 /* FolderListVC.xib in Resources */,
				6A2529D82B162BAA00721202 /* PhotoListItemCell.xib in Resources */,
			);
			runOnlyForDeploymentPostprocessing = 0;
		};
		6AD05D322CF3478D00DA4274 /* Resources */ = {
			isa = PBXResourcesBuildPhase;
			buildActionMask = 2147483647;
			files = (
				6A0470892CFB4D37004EAA92 /* Assets.xcassets in Resources */,
			);
			runOnlyForDeploymentPostprocessing = 0;
		};
/* End PBXResourcesBuildPhase section */

/* Begin PBXShellScriptBuildPhase section */
		6A971F6E2CEF9F3400B7851C /* Firebase crashlytics */ = {
			isa = PBXShellScriptBuildPhase;
			buildActionMask = 2147483647;
			files = (
			);
			inputFileListPaths = (
			);
			inputPaths = (
				"${DWARF_DSYM_FOLDER_PATH}/${DWARF_DSYM_FILE_NAME}",
				"${DWARF_DSYM_FOLDER_PATH}/${DWARF_DSYM_FILE_NAME}/Contents/Resources/DWARF/${PRODUCT_NAME}",
				"${DWARF_DSYM_FOLDER_PATH}/${DWARF_DSYM_FILE_NAME}/Contents/Info.plist",
				"$(TARGET_BUILD_DIR)/$(UNLOCALIZED_RESOURCES_FOLDER_PATH)/GoogleService-Info.plist",
				"$(TARGET_BUILD_DIR)/$(EXECUTABLE_PATH)",
			);
			name = "Firebase crashlytics";
			outputFileListPaths = (
			);
			outputPaths = (
			);
			runOnlyForDeploymentPostprocessing = 0;
			shellPath = /bin/sh;
			shellScript = "if [ \"${CONFIGURATION}\" != \"Debug\" ]; then\n    \"${PODS_ROOT}/FirebaseCrashlytics/run\"\nfi\n";
		};
		838D0943E409634876F89E3B /* [CP] Embed Pods Frameworks */ = {
			isa = PBXShellScriptBuildPhase;
			buildActionMask = 2147483647;
			files = (
			);
			inputFileListPaths = (
				"${PODS_ROOT}/Target Support Files/Pods-HashCamera/Pods-HashCamera-frameworks-${CONFIGURATION}-input-files.xcfilelist",
			);
			inputPaths = (
			);
			name = "[CP] Embed Pods Frameworks";
			outputFileListPaths = (
				"${PODS_ROOT}/Target Support Files/Pods-HashCamera/Pods-HashCamera-frameworks-${CONFIGURATION}-output-files.xcfilelist",
			);
			outputPaths = (
			);
			runOnlyForDeploymentPostprocessing = 0;
			shellPath = /bin/sh;
			shellScript = "\"${PODS_ROOT}/Target Support Files/Pods-HashCamera/Pods-HashCamera-frameworks.sh\"\n";
			showEnvVarsInLog = 0;
		};
		F200E6CE16D5F95B69FCE959 /* [CP] Check Pods Manifest.lock */ = {
			isa = PBXShellScriptBuildPhase;
			buildActionMask = 2147483647;
			files = (
			);
			inputFileListPaths = (
			);
			inputPaths = (
				"${PODS_PODFILE_DIR_PATH}/Podfile.lock",
				"${PODS_ROOT}/Manifest.lock",
			);
			name = "[CP] Check Pods Manifest.lock";
			outputFileListPaths = (
			);
			outputPaths = (
				"$(DERIVED_FILE_DIR)/Pods-HashCamera-checkManifestLockResult.txt",
			);
			runOnlyForDeploymentPostprocessing = 0;
			shellPath = /bin/sh;
			shellScript = "diff \"${PODS_PODFILE_DIR_PATH}/Podfile.lock\" \"${PODS_ROOT}/Manifest.lock\" > /dev/null\nif [ $? != 0 ] ; then\n    # print error to STDERR\n    echo \"error: The sandbox is not in sync with the Podfile.lock. Run 'pod install' or update your CocoaPods installation.\" >&2\n    exit 1\nfi\n# This output is used by Xcode 'outputs' to avoid re-running this script phase.\necho \"SUCCESS\" > \"${SCRIPT_OUTPUT_FILE_0}\"\n";
			showEnvVarsInLog = 0;
		};
/* End PBXShellScriptBuildPhase section */

/* Begin PBXSourcesBuildPhase section */
		6A8B31F22AE7983E00D24E49 /* Sources */ = {
			isa = PBXSourcesBuildPhase;
			buildActionMask = 2147483647;
			files = (
				6A01887B2C988CF2006F0A85 /* ImageCarouselViewController.swift in Sources */,
				6AA609672CBE60110011BB59 /* SelectSaveFolderVM.swift in Sources */,
				6A3796522BB5A42600BAFC19 /* CameraSetting.swift in Sources */,
				6A0188762C988CF2006F0A85 /* ImageLoader.swift in Sources */,
				6AA61AC82AE81555002E3725 /* AuthorizationManager.swift in Sources */,
				6A04864A2C49617500C3989F /* PhotoListVM.swift in Sources */,
				6AA63E5F2CD7CF9400AC0E97 /* NibUIView.swift in Sources */,
				6A133E512B0655320018A769 /* CamVM.swift in Sources */,
				6A0486432C49519000C3989F /* PhotoListVC.swift in Sources */,
				6AA61AD82AFE71E1002E3725 /* CaseIterable+Ext.swift in Sources */,
				6A0E37F52DE0A1830084B74D /* VideoViewerController.swift in Sources */,
				6AE8CF9B2AF48C790063C8C6 /* AspectRatioType.swift in Sources */,
				6AA63E592CD3BB3200AC0E97 /* SelectableFolderListVM.swift in Sources */,
				6AF642F82CA146B300F98F2E /* ShareHelper.swift in Sources */,
				6A01887A2C988CF2006F0A85 /* ImageViewerTheme.swift in Sources */,
				6AA63E632CDCF26100AC0E97 /* FolderCRUDAlert.swift in Sources */,
				6A7D4F652C76237C00ED0C59 /* FolderService.swift in Sources */,
				6A0188752C988CF2006F0A85 /* UINavigationBar_Extensions.swift in Sources */,
				6A1083012D009B8900C24FF6 /* WidgetSetting.swift in Sources */,
				6A3796542BB5A44000BAFC19 /* PhotoFileFormat.swift in Sources */,
				6A0188782C988CF2006F0A85 /* UIView_Extensions.swift in Sources */,
				6A9119932DE0CFD600C7E6EF /* CustomVideoPlayerVC.swift in Sources */,
				6A73A1022C5143B2007B6CAE /* Utils.swift in Sources */,
				6A73A1082C6A3DF5007B6CAE /* SystemUIImage.swift in Sources */,
				6A0CAA962CA1AFFE006BC4D3 /* MoveToFolderVM.swift in Sources */,
				6A8B31FE2AE7983E00D24E49 /* ViewController.swift in Sources */,
				6A051FD82DFD388400C3DE23 /* VideoEditor.swift in Sources */,
				6A3796562BB5A47900BAFC19 /* SettingsView.swift in Sources */,
				6AA61ACC2AF14A5C002E3725 /* CameraModel.swift in Sources */,
				6A1083042D01F17000C24FF6 /* NotificationName.swift in Sources */,
				6A8B31FA2AE7983E00D24E49 /* AppDelegate.swift in Sources */,
				6A3527362C7EB68C00FA6A91 /* FileService.swift in Sources */,
				6AA61AD22AFA850E002E3725 /* FlashMode+Ext.swift in Sources */,
				6A961E602B011FA100A05F9B /* CALayer+Ext.swift in Sources */,
				6A8B31FC2AE7983E00D24E49 /* SceneDelegate.swift in Sources */,
				6A8B32152AE7A03000D24E49 /* CamVC.swift in Sources */,
				6A7A50182CE63FFD006DAA22 /* Localization.swift in Sources */,
				6A2C369D2BA8711600AAF24B /* FolderMonitor.swift in Sources */,
				6A37964E2BB5A34700BAFC19 /* EmailHelper.swift in Sources */,
				6A7D4F6E2C7B4C9A00ED0C59 /* FolderModel.swift in Sources */,
				6A051FD62DFD2F8500C3DE23 /* OrientationType.swift in Sources */,
				6A0CAA992CA1B196006BC4D3 /* MoveToFolderListItemCell.swift in Sources */,
				6AE8CFA12AF4D32D0063C8C6 /* CamPreviewView.swift in Sources */,
				6A3796582BB5A4CD00BAFC19 /* AppStatus.swift in Sources */,
				6A0470AC2CFB54A5004EAA92 /* WidgetSettingVM.swift in Sources */,
				6A04708C2CFB4D89004EAA92 /* VC+Navi+Ext.swift in Sources */,
				6AA63E612CD8F0B000AC0E97 /* UIView+GestureRecognizer.swift in Sources */,
				6A73A1052C610A2D007B6CAE /* FolderListItemCell.swift in Sources */,
				6A0CAA932CA1AF88006BC4D3 /* MoveToFolderVC.swift in Sources */,
				6AFB72D42B0113D00029592F /* CaptureBtnView.swift in Sources */,
				6AA6096B2CBEAE060011BB59 /* SelectSaveFolderItemCell.swift in Sources */,
				6A051FE82DFDA7DE00C3DE23 /* CaptureModeType.swift in Sources */,
				6AA63E572CD106BD00AC0E97 /* AlertHelper.swift in Sources */,
				6A133E4D2B0503690018A769 /* AppLifeCycle.swift in Sources */,
				6AA61AD42AFD22E3002E3725 /* TopMenuBarView.swift in Sources */,
				6AA609642CBE5E880011BB59 /* SelectSaveFolderVC.swift in Sources */,
				6AE8CF9F2AF4BF0D0063C8C6 /* HCError.swift in Sources */,
				6A0470842CFB4CB4004EAA92 /* WidgetSettingManager.swift in Sources */,
				6A0E37F72DE0A3230084B74D /* MediaViewerVCProtocol.swift in Sources */,
				6A6C4C572C8A049B007F794F /* FolderListVM.swift in Sources */,
				6A01887D2C988CF2006F0A85 /* ImageViewerTransitionPresentationManager.swift in Sources */,
				6A7D4F682C775DED00ED0C59 /* FolderListVC.swift in Sources */,
				6A0470AA2CFB540E004EAA92 /* WidgetSettingView.swift in Sources */,
				6A2529D72B162BAA00721202 /* PhotoListItemCell.swift in Sources */,
				6AADDC102C95E2C80093EECC /* ImageFileModel.swift in Sources */,
				6A0188742C988CF2006F0A85 /* UIImageView_Extensions.swift in Sources */,
				6A0188772C988CF2006F0A85 /* ImageViewerController.swift in Sources */,
			);
			runOnlyForDeploymentPostprocessing = 0;
		};
		6AD05D302CF3478D00DA4274 /* Sources */ = {
			isa = PBXSourcesBuildPhase;
			buildActionMask = 2147483647;
			files = (
				6A1083022D009BE100C24FF6 /* WidgetSetting.swift in Sources */,
				6A0470862CFB4CEB004EAA92 /* Utils.swift in Sources */,
				6A0470872CFB4CF5004EAA92 /* FolderModel.swift in Sources */,
				6A0470882CFB4CFA004EAA92 /* Localization.swift in Sources */,
				6A04708A2CFB4D4B004EAA92 /* SystemUIImage.swift in Sources */,
			);
			runOnlyForDeploymentPostprocessing = 0;
		};
/* End PBXSourcesBuildPhase section */

/* Begin PBXTargetDependency section */
		6AD05D462CF3478E00DA4274 /* PBXTargetDependency */ = {
			isa = PBXTargetDependency;
			target = 6AD05D332CF3478D00DA4274 /* HashCameraWidgetExtension */;
			targetProxy = 6AD05D452CF3478E00DA4274 /* PBXContainerItemProxy */;
		};
/* End PBXTargetDependency section */

/* Begin PBXVariantGroup section */
		6A7A50132CE63E4F006DAA22 /* Localizable.strings */ = {
			isa = PBXVariantGroup;
			children = (
				6A7A50142CE63E4F006DAA22 /* en */,
				6A7A50162CE63E76006DAA22 /* ko */,
			);
			name = Localizable.strings;
			sourceTree = "<group>";
		};
		6A8B31FF2AE7983E00D24E49 /* Main.storyboard */ = {
			isa = PBXVariantGroup;
			children = (
				6A8B32002AE7983E00D24E49 /* Base */,
			);
			name = Main.storyboard;
			sourceTree = "<group>";
		};
		6A8B32042AE7983F00D24E49 /* LaunchScreen.storyboard */ = {
			isa = PBXVariantGroup;
			children = (
				6A8B32052AE7983F00D24E49 /* Base */,
			);
			name = LaunchScreen.storyboard;
			sourceTree = "<group>";
		};
		6A971F6A2CEB915200B7851C /* InfoPlist.strings */ = {
			isa = PBXVariantGroup;
			children = (
				6A971F6B2CEB915200B7851C /* en */,
				6A971F6D2CEB915600B7851C /* ko */,
			);
			name = InfoPlist.strings;
			sourceTree = "<group>";
		};
/* End PBXVariantGroup section */

/* Begin XCBuildConfiguration section */
		6A8B32082AE7983F00D24E49 /* Debug */ = {
			isa = XCBuildConfiguration;
			buildSettings = {
				ALWAYS_SEARCH_USER_PATHS = NO;
				ASSETCATALOG_COMPILER_GENERATE_SWIFT_ASSET_SYMBOL_EXTENSIONS = YES;
				CLANG_ANALYZER_LOCALIZABILITY_NONLOCALIZED = YES;
				CLANG_ANALYZER_NONNULL = YES;
				CLANG_ANALYZER_NUMBER_OBJECT_CONVERSION = YES_AGGRESSIVE;
				CLANG_CXX_LANGUAGE_STANDARD = "gnu++20";
				CLANG_ENABLE_MODULES = YES;
				CLANG_ENABLE_OBJC_ARC = YES;
				CLANG_ENABLE_OBJC_WEAK = YES;
				CLANG_WARN_BLOCK_CAPTURE_AUTORELEASING = YES;
				CLANG_WARN_BOOL_CONVERSION = YES;
				CLANG_WARN_COMMA = YES;
				CLANG_WARN_CONSTANT_CONVERSION = YES;
				CLANG_WARN_DEPRECATED_OBJC_IMPLEMENTATIONS = YES;
				CLANG_WARN_DIRECT_OBJC_ISA_USAGE = YES_ERROR;
				CLANG_WARN_DOCUMENTATION_COMMENTS = YES;
				CLANG_WARN_EMPTY_BODY = YES;
				CLANG_WARN_ENUM_CONVERSION = YES;
				CLANG_WARN_INFINITE_RECURSION = YES;
				CLANG_WARN_INT_CONVERSION = YES;
				CLANG_WARN_NON_LITERAL_NULL_CONVERSION = YES;
				CLANG_WARN_OBJC_IMPLICIT_RETAIN_SELF = YES;
				CLANG_WARN_OBJC_LITERAL_CONVERSION = YES;
				CLANG_WARN_OBJC_ROOT_CLASS = YES_ERROR;
				CLANG_WARN_QUOTED_INCLUDE_IN_FRAMEWORK_HEADER = YES;
				CLANG_WARN_RANGE_LOOP_ANALYSIS = YES;
				CLANG_WARN_STRICT_PROTOTYPES = YES;
				CLANG_WARN_SUSPICIOUS_MOVE = YES;
				CLANG_WARN_UNGUARDED_AVAILABILITY = YES_AGGRESSIVE;
				CLANG_WARN_UNREACHABLE_CODE = YES;
				CLANG_WARN__DUPLICATE_METHOD_MATCH = YES;
				COPY_PHASE_STRIP = NO;
				DEBUG_INFORMATION_FORMAT = dwarf;
				ENABLE_STRICT_OBJC_MSGSEND = YES;
				ENABLE_TESTABILITY = YES;
				ENABLE_USER_SCRIPT_SANDBOXING = YES;
				GCC_C_LANGUAGE_STANDARD = gnu17;
				GCC_DYNAMIC_NO_PIC = NO;
				GCC_NO_COMMON_BLOCKS = YES;
				GCC_OPTIMIZATION_LEVEL = 0;
				GCC_PREPROCESSOR_DEFINITIONS = (
					"DEBUG=1",
					"$(inherited)",
				);
				GCC_WARN_64_TO_32_BIT_CONVERSION = YES;
				GCC_WARN_ABOUT_RETURN_TYPE = YES_ERROR;
				GCC_WARN_UNDECLARED_SELECTOR = YES;
				GCC_WARN_UNINITIALIZED_AUTOS = YES_AGGRESSIVE;
				GCC_WARN_UNUSED_FUNCTION = YES;
				GCC_WARN_UNUSED_VARIABLE = YES;
				IPHONEOS_DEPLOYMENT_TARGET = 15.0;
				LOCALIZATION_PREFERS_STRING_CATALOGS = YES;
				MTL_ENABLE_DEBUG_INFO = INCLUDE_SOURCE;
				MTL_FAST_MATH = YES;
				ONLY_ACTIVE_ARCH = YES;
				SDKROOT = iphoneos;
				SWIFT_ACTIVE_COMPILATION_CONDITIONS = "DEBUG $(inherited)";
				SWIFT_OPTIMIZATION_LEVEL = "-Onone";
			};
			name = Debug;
		};
		6A8B32092AE7983F00D24E49 /* Release */ = {
			isa = XCBuildConfiguration;
			buildSettings = {
				ALWAYS_SEARCH_USER_PATHS = NO;
				ASSETCATALOG_COMPILER_GENERATE_SWIFT_ASSET_SYMBOL_EXTENSIONS = YES;
				CLANG_ANALYZER_LOCALIZABILITY_NONLOCALIZED = YES;
				CLANG_ANALYZER_NONNULL = YES;
				CLANG_ANALYZER_NUMBER_OBJECT_CONVERSION = YES_AGGRESSIVE;
				CLANG_CXX_LANGUAGE_STANDARD = "gnu++20";
				CLANG_ENABLE_MODULES = YES;
				CLANG_ENABLE_OBJC_ARC = YES;
				CLANG_ENABLE_OBJC_WEAK = YES;
				CLANG_WARN_BLOCK_CAPTURE_AUTORELEASING = YES;
				CLANG_WARN_BOOL_CONVERSION = YES;
				CLANG_WARN_COMMA = YES;
				CLANG_WARN_CONSTANT_CONVERSION = YES;
				CLANG_WARN_DEPRECATED_OBJC_IMPLEMENTATIONS = YES;
				CLANG_WARN_DIRECT_OBJC_ISA_USAGE = YES_ERROR;
				CLANG_WARN_DOCUMENTATION_COMMENTS = YES;
				CLANG_WARN_EMPTY_BODY = YES;
				CLANG_WARN_ENUM_CONVERSION = YES;
				CLANG_WARN_INFINITE_RECURSION = YES;
				CLANG_WARN_INT_CONVERSION = YES;
				CLANG_WARN_NON_LITERAL_NULL_CONVERSION = YES;
				CLANG_WARN_OBJC_IMPLICIT_RETAIN_SELF = YES;
				CLANG_WARN_OBJC_LITERAL_CONVERSION = YES;
				CLANG_WARN_OBJC_ROOT_CLASS = YES_ERROR;
				CLANG_WARN_QUOTED_INCLUDE_IN_FRAMEWORK_HEADER = YES;
				CLANG_WARN_RANGE_LOOP_ANALYSIS = YES;
				CLANG_WARN_STRICT_PROTOTYPES = YES;
				CLANG_WARN_SUSPICIOUS_MOVE = YES;
				CLANG_WARN_UNGUARDED_AVAILABILITY = YES_AGGRESSIVE;
				CLANG_WARN_UNREACHABLE_CODE = YES;
				CLANG_WARN__DUPLICATE_METHOD_MATCH = YES;
				COPY_PHASE_STRIP = NO;
				DEBUG_INFORMATION_FORMAT = "dwarf-with-dsym";
				ENABLE_NS_ASSERTIONS = NO;
				ENABLE_STRICT_OBJC_MSGSEND = YES;
				ENABLE_USER_SCRIPT_SANDBOXING = YES;
				GCC_C_LANGUAGE_STANDARD = gnu17;
				GCC_NO_COMMON_BLOCKS = YES;
				GCC_WARN_64_TO_32_BIT_CONVERSION = YES;
				GCC_WARN_ABOUT_RETURN_TYPE = YES_ERROR;
				GCC_WARN_UNDECLARED_SELECTOR = YES;
				GCC_WARN_UNINITIALIZED_AUTOS = YES_AGGRESSIVE;
				GCC_WARN_UNUSED_FUNCTION = YES;
				GCC_WARN_UNUSED_VARIABLE = YES;
				IPHONEOS_DEPLOYMENT_TARGET = 15.0;
				LOCALIZATION_PREFERS_STRING_CATALOGS = YES;
				MTL_ENABLE_DEBUG_INFO = NO;
				MTL_FAST_MATH = YES;
				SDKROOT = iphoneos;
				SWIFT_COMPILATION_MODE = wholemodule;
				VALIDATE_PRODUCT = YES;
			};
			name = Release;
		};
		6A8B320B2AE7983F00D24E49 /* Debug */ = {
			isa = XCBuildConfiguration;
			baseConfigurationReference = 7230C33910ECE9AC6FF488D3 /* Pods-HashCamera.debug.xcconfig */;
			buildSettings = {
				ASSETCATALOG_COMPILER_APPICON_NAME = AppIcon;
				ASSETCATALOG_COMPILER_GLOBAL_ACCENT_COLOR_NAME = AccentColor;
				CODE_SIGN_ENTITLEMENTS = HashCamera/HashCamera.entitlements;
				CODE_SIGN_STYLE = Automatic;
				CURRENT_PROJECT_VERSION = 1;
				DEVELOPMENT_TEAM = WRMZ68J9BN;
				ENABLE_USER_SCRIPT_SANDBOXING = NO;
				GENERATE_INFOPLIST_FILE = YES;
				INFOPLIST_FILE = HashCamera/Info.plist;
				INFOPLIST_KEY_CFBundleDisplayName = HashCamera;
				INFOPLIST_KEY_LSApplicationCategoryType = "public.app-category.photography";
				INFOPLIST_KEY_LSSupportsOpeningDocumentsInPlace = YES;
				INFOPLIST_KEY_NSCameraUsageDescription = "Camera Permission";
				INFOPLIST_KEY_NSPhotoLibraryAddUsageDescription = "Photo Library  Additions Usage Permission";
				INFOPLIST_KEY_NSPhotoLibraryUsageDescription = "Photo Library Usage Permission";
				INFOPLIST_KEY_UIApplicationSupportsIndirectInputEvents = YES;
				INFOPLIST_KEY_UILaunchStoryboardName = LaunchScreen;
				INFOPLIST_KEY_UISupportedInterfaceOrientations = "UIInterfaceOrientationLandscapeLeft UIInterfaceOrientationLandscapeRight UIInterfaceOrientationPortrait";
				INFOPLIST_KEY_UISupportedInterfaceOrientations_iPad = "UIInterfaceOrientationLandscapeLeft UIInterfaceOrientationLandscapeRight UIInterfaceOrientationPortrait UIInterfaceOrientationPortraitUpsideDown";
				IPHONEOS_DEPLOYMENT_TARGET = 16.6;
				LD_RUNPATH_SEARCH_PATHS = (
					"$(inherited)",
					"@executable_path/Frameworks",
				);
				MARKETING_VERSION = 1.2.0;
				ONLY_ACTIVE_ARCH = YES;
				PRODUCT_BUNDLE_IDENTIFIER = com.wgyang.hashcamera;
				PRODUCT_NAME = "$(TARGET_NAME)";
				SUPPORTED_PLATFORMS = "iphoneos iphonesimulator";
				SUPPORTS_MACCATALYST = NO;
				SWIFT_EMIT_LOC_STRINGS = YES;
				SWIFT_VERSION = 5.0;
				TARGETED_DEVICE_FAMILY = 1;
			};
			name = Debug;
		};
		6A8B320C2AE7983F00D24E49 /* Release */ = {
			isa = XCBuildConfiguration;
			baseConfigurationReference = 5DDE27474EC82DB6B6BB6709 /* Pods-HashCamera.release.xcconfig */;
			buildSettings = {
				ASSETCATALOG_COMPILER_APPICON_NAME = AppIcon;
				ASSETCATALOG_COMPILER_GLOBAL_ACCENT_COLOR_NAME = AccentColor;
				CODE_SIGN_ENTITLEMENTS = HashCamera/HashCamera.entitlements;
				CODE_SIGN_STYLE = Automatic;
				CURRENT_PROJECT_VERSION = 1;
				DEVELOPMENT_TEAM = WRMZ68J9BN;
				ENABLE_USER_SCRIPT_SANDBOXING = NO;
				GENERATE_INFOPLIST_FILE = YES;
				INFOPLIST_FILE = HashCamera/Info.plist;
				INFOPLIST_KEY_CFBundleDisplayName = HashCamera;
				INFOPLIST_KEY_LSApplicationCategoryType = "public.app-category.photography";
				INFOPLIST_KEY_LSSupportsOpeningDocumentsInPlace = YES;
				INFOPLIST_KEY_NSCameraUsageDescription = "Camera Permission";
				INFOPLIST_KEY_NSPhotoLibraryAddUsageDescription = "Photo Library  Additions Usage Permission";
				INFOPLIST_KEY_NSPhotoLibraryUsageDescription = "Photo Library Usage Permission";
				INFOPLIST_KEY_UIApplicationSupportsIndirectInputEvents = YES;
				INFOPLIST_KEY_UILaunchStoryboardName = LaunchScreen;
				INFOPLIST_KEY_UISupportedInterfaceOrientations = "UIInterfaceOrientationLandscapeLeft UIInterfaceOrientationLandscapeRight UIInterfaceOrientationPortrait";
				INFOPLIST_KEY_UISupportedInterfaceOrientations_iPad = "UIInterfaceOrientationLandscapeLeft UIInterfaceOrientationLandscapeRight UIInterfaceOrientationPortrait UIInterfaceOrientationPortraitUpsideDown";
				IPHONEOS_DEPLOYMENT_TARGET = 16.6;
				LD_RUNPATH_SEARCH_PATHS = (
					"$(inherited)",
					"@executable_path/Frameworks",
				);
				MARKETING_VERSION = 1.2.0;
				ONLY_ACTIVE_ARCH = YES;
				PRODUCT_BUNDLE_IDENTIFIER = com.wgyang.hashcamera;
				PRODUCT_NAME = "$(TARGET_NAME)";
				SUPPORTED_PLATFORMS = "iphoneos iphonesimulator";
				SUPPORTS_MACCATALYST = NO;
				SWIFT_EMIT_LOC_STRINGS = YES;
				SWIFT_VERSION = 5.0;
				TARGETED_DEVICE_FAMILY = 1;
			};
			name = Release;
		};
		6AD05D492CF3478E00DA4274 /* Debug */ = {
			isa = XCBuildConfiguration;
			buildSettings = {
				ASSETCATALOG_COMPILER_GLOBAL_ACCENT_COLOR_NAME = AccentColor;
				ASSETCATALOG_COMPILER_WIDGET_BACKGROUND_COLOR_NAME = WidgetBackground;
				CODE_SIGN_ENTITLEMENTS = HashCameraWidgetExtension.entitlements;
				CODE_SIGN_STYLE = Automatic;
				CURRENT_PROJECT_VERSION = 1;
				DEVELOPMENT_TEAM = WRMZ68J9BN;
				GENERATE_INFOPLIST_FILE = YES;
				INFOPLIST_FILE = HashCameraWidget/Info.plist;
				INFOPLIST_KEY_CFBundleDisplayName = HashCameraWidget;
				INFOPLIST_KEY_NSHumanReadableCopyright = "";
				IPHONEOS_DEPLOYMENT_TARGET = 15.0;
				LD_RUNPATH_SEARCH_PATHS = (
					"$(inherited)",
					"@executable_path/Frameworks",
					"@executable_path/../../Frameworks",
				);
				MARKETING_VERSION = 1.0;
				PRODUCT_BUNDLE_IDENTIFIER = com.wgyang.hashcamera.HashCameraWidget;
				PRODUCT_NAME = "$(TARGET_NAME)";
				SKIP_INSTALL = YES;
				SWIFT_EMIT_LOC_STRINGS = YES;
				SWIFT_VERSION = 5.0;
				TARGETED_DEVICE_FAMILY = 1;
			};
			name = Debug;
		};
		6AD05D4A2CF3478E00DA4274 /* Release */ = {
			isa = XCBuildConfiguration;
			buildSettings = {
				ASSETCATALOG_COMPILER_GLOBAL_ACCENT_COLOR_NAME = AccentColor;
				ASSETCATALOG_COMPILER_WIDGET_BACKGROUND_COLOR_NAME = WidgetBackground;
				CODE_SIGN_ENTITLEMENTS = HashCameraWidgetExtension.entitlements;
				CODE_SIGN_STYLE = Automatic;
				CURRENT_PROJECT_VERSION = 1;
				DEVELOPMENT_TEAM = WRMZ68J9BN;
				GENERATE_INFOPLIST_FILE = YES;
				INFOPLIST_FILE = HashCameraWidget/Info.plist;
				INFOPLIST_KEY_CFBundleDisplayName = HashCameraWidget;
				INFOPLIST_KEY_NSHumanReadableCopyright = "";
				IPHONEOS_DEPLOYMENT_TARGET = 15.0;
				LD_RUNPATH_SEARCH_PATHS = (
					"$(inherited)",
					"@executable_path/Frameworks",
					"@executable_path/../../Frameworks",
				);
				MARKETING_VERSION = 1.0;
				PRODUCT_BUNDLE_IDENTIFIER = com.wgyang.hashcamera.HashCameraWidget;
				PRODUCT_NAME = "$(TARGET_NAME)";
				SKIP_INSTALL = YES;
				SWIFT_EMIT_LOC_STRINGS = YES;
				SWIFT_VERSION = 5.0;
				TARGETED_DEVICE_FAMILY = 1;
			};
			name = Release;
		};
/* End XCBuildConfiguration section */

/* Begin XCConfigurationList section */
		6A8B31F12AE7983E00D24E49 /* Build configuration list for PBXProject "HashCamera" */ = {
			isa = XCConfigurationList;
			buildConfigurations = (
				6A8B32082AE7983F00D24E49 /* Debug */,
				6A8B32092AE7983F00D24E49 /* Release */,
			);
			defaultConfigurationIsVisible = 0;
			defaultConfigurationName = Release;
		};
		6A8B320A2AE7983F00D24E49 /* Build configuration list for PBXNativeTarget "HashCamera" */ = {
			isa = XCConfigurationList;
			buildConfigurations = (
				6A8B320B2AE7983F00D24E49 /* Debug */,
				6A8B320C2AE7983F00D24E49 /* Release */,
			);
			defaultConfigurationIsVisible = 0;
			defaultConfigurationName = Release;
		};
		6AD05D4C2CF3478E00DA4274 /* Build configuration list for PBXNativeTarget "HashCameraWidgetExtension" */ = {
			isa = XCConfigurationList;
			buildConfigurations = (
				6AD05D492CF3478E00DA4274 /* Debug */,
				6AD05D4A2CF3478E00DA4274 /* Release */,
			);
			defaultConfigurationIsVisible = 0;
			defaultConfigurationName = Release;
		};
/* End XCConfigurationList section */
	};
	rootObject = 6A8B31EE2AE7983E00D24E49 /* Project object */;
}
